
Microsoft Visual Studio Solution File, Format Version 12.00
# Visual Studio 15
VisualStudioVersion = 15.0.28010.2050
MinimumVisualStudioVersion = 10.0.40219.1
Project("{FAE04EC0-301F-11D3-BF4B-00C04F79EFBC}") = "E4_1JimenezAhumadaJonatanAlberto", "E4_1JimenezAhumadaJonatanAlberto\E4_1JimenezAhumadaJonatanAlberto.csproj", "{B27DD190-65DE-40E0-A1FD-057ACD656213}"
EndProject
Global
	GlobalSection(SolutionConfigurationPlatforms) = preSolution
		Debug|Any CPU = Debug|Any CPU
		Release|Any CPU = Release|Any CPU
	EndGlobalSection
	GlobalSection(ProjectConfigurationPlatforms) = postSolution
		{B27DD190-65DE-40E0-A1FD-057ACD656213}.Debug|Any CPU.ActiveCfg = Debug|Any CPU
		{B27DD190-65DE-40E0-A1FD-057ACD656213}.Debug|Any CPU.Build.0 = Debug|Any CPU
		{B27DD190-65DE-40E0-A1FD-057ACD656213}.Release|Any CPU.ActiveCfg = Release|Any CPU
		{B27DD190-65DE-40E0-A1FD-057ACD656213}.Release|Any CPU.Build.0 = Release|Any CPU
	EndGlobalSection
	GlobalSection(SolutionProperties) = preSolution
		HideSolutionNode = FALSE
	EndGlobalSection
	GlobalSection(ExtensibilityGlobals) = postSolution
		SolutionGuid = {A124497E-D388-48C4-85B5-3CBDF6BBAC43}
	EndGlobalSection
EndGlobal
